
Microsoft Visual Studio Solution File, Format Version 12.00
# Visual Studio Version 16
VisualStudioVersion = 16.0.33027.164
MinimumVisualStudioVersion = 10.0.40219.1
Project("{FAE04EC0-301F-11D3-BF4B-00C04F79EFBC}") = "atividadeFinal", "atividadeFinal\atividadeFinal.csproj", "{BE59A3B0-5C74-4EA9-A5EC-33682BD3778A}"
EndProject
Global
	GlobalSection(SolutionConfigurationPlatforms) = preSolution
		Debug|Any CPU = Debug|Any CPU
		Release|Any CPU = Release|Any CPU
	EndGlobalSection
	GlobalSection(ProjectConfigurationPlatforms) = postSolution
		{BE59A3B0-5C74-4EA9-A5EC-33682BD3778A}.Debug|Any CPU.ActiveCfg = Debug|Any CPU
		{BE59A3B0-5C74-4EA9-A5EC-33682BD3778A}.Debug|Any CPU.Build.0 = Debug|Any CPU
		{BE59A3B0-5C74-4EA9-A5EC-33682BD3778A}.Release|Any CPU.ActiveCfg = Release|Any CPU
		{BE59A3B0-5C74-4EA9-A5EC-33682BD3778A}.Release|Any CPU.Build.0 = Release|Any CPU
	EndGlobalSection
	GlobalSection(SolutionProperties) = preSolution
		HideSolutionNode = FALSE
	EndGlobalSection
	GlobalSection(ExtensibilityGlobals) = postSolution
		SolutionGuid = {A734CF24-7A7C-46DB-ADE4-7D325C801DDA}
	EndGlobalSection
EndGlobal
